
Microsoft Visual Studio Solution File, Format Version 12.00
# Visual Studio Version 17
VisualStudioVersion = 17.6.33815.320
MinimumVisualStudioVersion = 10.0.40219.1
Project("{FAE04EC0-301F-11D3-BF4B-00C04F79EFBC}") = "MathTaskClassLibrary", "MathTaskClassLibrary\MathTaskClassLibrary.csproj", "{2E2CCAA3-0BCC-4212-BEBE-4CCFDFEC2D73}"
EndProject
Project("{FAE04EC0-301F-11D3-BF4B-00C04F79EFBC}") = "Test", "Test\Test.csproj", "{8428B9CA-954B-4557-85B2-83D8FE067680}"
EndProject
Global
	GlobalSection(SolutionConfigurationPlatforms) = preSolution
		Debug|Any CPU = Debug|Any CPU
		Release|Any CPU = Release|Any CPU
	EndGlobalSection
	GlobalSection(ProjectConfigurationPlatforms) = postSolution
		{2E2CCAA3-0BCC-4212-BEBE-4CCFDFEC2D73}.Debug|Any CPU.ActiveCfg = Debug|Any CPU
		{2E2CCAA3-0BCC-4212-BEBE-4CCFDFEC2D73}.Debug|Any CPU.Build.0 = Debug|Any CPU
		{2E2CCAA3-0BCC-4212-BEBE-4CCFDFEC2D73}.Release|Any CPU.ActiveCfg = Release|Any CPU
		{2E2CCAA3-0BCC-4212-BEBE-4CCFDFEC2D73}.Release|Any CPU.Build.0 = Release|Any CPU
		{8428B9CA-954B-4557-85B2-83D8FE067680}.Debug|Any CPU.ActiveCfg = Debug|Any CPU
		{8428B9CA-954B-4557-85B2-83D8FE067680}.Debug|Any CPU.Build.0 = Debug|Any CPU
		{8428B9CA-954B-4557-85B2-83D8FE067680}.Release|Any CPU.ActiveCfg = Release|Any CPU
		{8428B9CA-954B-4557-85B2-83D8FE067680}.Release|Any CPU.Build.0 = Release|Any CPU
	EndGlobalSection
	GlobalSection(SolutionProperties) = preSolution
		HideSolutionNode = FALSE
	EndGlobalSection
	GlobalSection(ExtensibilityGlobals) = postSolution
		SolutionGuid = {7AD3B53D-08D9-4448-B610-176C884FBEC4}
	EndGlobalSection
EndGlobal
